
Microsoft Visual Studio Solution File, Format Version 12.00
# Visual Studio Version 17
VisualStudioVersion = 17.4.33110.190
MinimumVisualStudioVersion = 10.0.40219.1
Project("{2150E333-8FDC-42A3-9474-1A3956D46DE8}") = "userService", "userService", "{B3D19288-FB93-466A-A2C9-CFEC1870766F}"
EndProject
Project("{2150E333-8FDC-42A3-9474-1A3956D46DE8}") = "certificateService", "certificateService", "{3E038C77-5634-4A97-A448-56D5D71EF09D}"
EndProject
Project("{2150E333-8FDC-42A3-9474-1A3956D46DE8}") = "storageService", "storageService", "{50CC7FC2-E909-4F89-BE50-4A605C49C728}"
EndProject
Project("{2150E333-8FDC-42A3-9474-1A3956D46DE8}") = "signService", "signService", "{C0F476DB-A40C-470E-9F4E-A2AF5503FAFB}"
EndProject
Project("{2150E333-8FDC-42A3-9474-1A3956D46DE8}") = "documentService", "documentService", "{5F0EAE56-BB67-4D3A-89E1-C8A486324989}"
EndProject
Project("{2150E333-8FDC-42A3-9474-1A3956D46DE8}") = "exposedServices", "exposedServices", "{DB489B7F-ADDB-4235-90DB-C093C7D8198C}"
EndProject
Project("{2150E333-8FDC-42A3-9474-1A3956D46DE8}") = "internalServices", "internalServices", "{4E48B3C2-2DE3-4E2B-B293-42634DD1B894}"
EndProject
Project("{2150E333-8FDC-42A3-9474-1A3956D46DE8}") = "helpers", "helpers", "{43385C5E-8D95-4797-A2AB-0FD1C3115689}"
EndProject
Project("{9A19103F-16F7-4668-BE54-9A1E7A4F7556}") = "helpers.certificate", "helpers.certificate\helpers.certificate.csproj", "{B7B0DD50-1AFB-43FB-8024-D9624C0AC3F7}"
EndProject
Project("{9A19103F-16F7-4668-BE54-9A1E7A4F7556}") = "certificateAPI", "certificate.API\certificateAPI.csproj", "{D05722B9-1D58-47B2-83A6-ED075E945FDE}"
EndProject
Project("{9A19103F-16F7-4668-BE54-9A1E7A4F7556}") = "certificateEntities", "certificateEntities\certificateEntities.csproj", "{08691D3D-15EC-48FF-AE59-B1774ABCE0A9}"
EndProject
Project("{9A19103F-16F7-4668-BE54-9A1E7A4F7556}") = "sign.API", "sign.API\sign.API.csproj", "{758DC3C4-2D77-4C23-8BAF-E5D593614280}"
EndProject
Project("{9A19103F-16F7-4668-BE54-9A1E7A4F7556}") = "fileAPI", "file.API\fileAPI.csproj", "{DFC2C727-8C19-4BB0-9787-0C712F7F4E54}"
EndProject
Project("{9A19103F-16F7-4668-BE54-9A1E7A4F7556}") = "fileEntities", "fileEntities\fileEntities.csproj", "{7892E5A9-FCCF-44C1-A6F2-227ACA56A638}"
EndProject
Project("{9A19103F-16F7-4668-BE54-9A1E7A4F7556}") = "usersAPI", "user.API\usersAPI.csproj", "{7714EACB-4C80-4C1A-AD59-2B18E748925F}"
EndProject
Project("{9A19103F-16F7-4668-BE54-9A1E7A4F7556}") = "userEntities", "userEntities\userEntities.csproj", "{C0D5B313-6F23-4AD2-AEE5-A2B62BEE7D14}"
EndProject
Project("{9A19103F-16F7-4668-BE54-9A1E7A4F7556}") = "documentAPI", "document.API\documentAPI.csproj", "{3CDC435E-C8B5-42CB-BBDA-33771D0A5E34}"
EndProject
Project("{9A19103F-16F7-4668-BE54-9A1E7A4F7556}") = "documentEntities", "documentEntities\documentEntities.csproj", "{966BFE7B-D357-458D-B905-0431F415F0CD}"
EndProject
Project("{2150E333-8FDC-42A3-9474-1A3956D46DE8}") = "logService", "logService", "{8ADC9246-A5ED-45FF-A4B4-B694009D0FE5}"
EndProject
Project("{9A19103F-16F7-4668-BE54-9A1E7A4F7556}") = "log.API", "log.API\log.API.csproj", "{B5A23503-7834-4699-920D-4015A3EA31B0}"
EndProject
Project("{9A19103F-16F7-4668-BE54-9A1E7A4F7556}") = "logEntities", "logEntities\logEntities.csproj", "{604705F0-8413-42AB-84C1-9C5B094A25E4}"
EndProject
Project("{9A19103F-16F7-4668-BE54-9A1E7A4F7556}") = "certificateDTO", "certificateDTO\certificateDTO.csproj", "{FCF8E9BD-6896-4653-91E9-8EFF88D6A593}"
EndProject
Project("{9A19103F-16F7-4668-BE54-9A1E7A4F7556}") = "logDTO", "logDTO\logDTO.csproj", "{58533559-4672-4EA4-A5DB-2D6E60E992B3}"
EndProject
Project("{9A19103F-16F7-4668-BE54-9A1E7A4F7556}") = "fileDTO", "fileDTO\fileDTO.csproj", "{6180BD9F-1A2F-401E-A678-1B7317236DDF}"
EndProject
Project("{2150E333-8FDC-42A3-9474-1A3956D46DE8}") = "DTOs", "DTOs", "{5B1FEB78-84F3-461D-88CD-425D2B11CECD}"
EndProject
Project("{9A19103F-16F7-4668-BE54-9A1E7A4F7556}") = "helpers.validations", "helpers.validations\helpers.validations.csproj", "{81FF6822-93CD-4DE9-A774-79F94366FE7C}"
EndProject
Project("{9A19103F-16F7-4668-BE54-9A1E7A4F7556}") = "helpers.cipher", "helpers.cipher\helpers.cipher.csproj", "{67946EDF-3F0E-4DA7-AE39-79A5243B9902}"
EndProject
Project("{9A19103F-16F7-4668-BE54-9A1E7A4F7556}") = "usersDTO", "userDTO\usersDTO.csproj", "{4D6B3A8F-47FE-4EA0-B371-2BB5FC032C33}"
EndProject
Project("{9A19103F-16F7-4668-BE54-9A1E7A4F7556}") = "documentDTO", "documentDTO\documentDTO.csproj", "{E1076997-2D10-4C05-90A8-2397C62AC458}"
EndProject
Global
	GlobalSection(SolutionConfigurationPlatforms) = preSolution
		Debug|Any CPU = Debug|Any CPU
		Release|Any CPU = Release|Any CPU
	EndGlobalSection
	GlobalSection(ProjectConfigurationPlatforms) = postSolution
		{B7B0DD50-1AFB-43FB-8024-D9624C0AC3F7}.Debug|Any CPU.ActiveCfg = Debug|Any CPU
		{B7B0DD50-1AFB-43FB-8024-D9624C0AC3F7}.Debug|Any CPU.Build.0 = Debug|Any CPU
		{B7B0DD50-1AFB-43FB-8024-D9624C0AC3F7}.Release|Any CPU.ActiveCfg = Release|Any CPU
		{B7B0DD50-1AFB-43FB-8024-D9624C0AC3F7}.Release|Any CPU.Build.0 = Release|Any CPU
		{D05722B9-1D58-47B2-83A6-ED075E945FDE}.Debug|Any CPU.ActiveCfg = Debug|Any CPU
		{D05722B9-1D58-47B2-83A6-ED075E945FDE}.Debug|Any CPU.Build.0 = Debug|Any CPU
		{D05722B9-1D58-47B2-83A6-ED075E945FDE}.Release|Any CPU.ActiveCfg = Release|Any CPU
		{D05722B9-1D58-47B2-83A6-ED075E945FDE}.Release|Any CPU.Build.0 = Release|Any CPU
		{08691D3D-15EC-48FF-AE59-B1774ABCE0A9}.Debug|Any CPU.ActiveCfg = Debug|Any CPU
		{08691D3D-15EC-48FF-AE59-B1774ABCE0A9}.Debug|Any CPU.Build.0 = Debug|Any CPU
		{08691D3D-15EC-48FF-AE59-B1774ABCE0A9}.Release|Any CPU.ActiveCfg = Release|Any CPU
		{08691D3D-15EC-48FF-AE59-B1774ABCE0A9}.Release|Any CPU.Build.0 = Release|Any CPU
		{758DC3C4-2D77-4C23-8BAF-E5D593614280}.Debug|Any CPU.ActiveCfg = Debug|Any CPU
		{758DC3C4-2D77-4C23-8BAF-E5D593614280}.Debug|Any CPU.Build.0 = Debug|Any CPU
		{758DC3C4-2D77-4C23-8BAF-E5D593614280}.Release|Any CPU.ActiveCfg = Release|Any CPU
		{758DC3C4-2D77-4C23-8BAF-E5D593614280}.Release|Any CPU.Build.0 = Release|Any CPU
		{DFC2C727-8C19-4BB0-9787-0C712F7F4E54}.Debug|Any CPU.ActiveCfg = Debug|Any CPU
		{DFC2C727-8C19-4BB0-9787-0C712F7F4E54}.Debug|Any CPU.Build.0 = Debug|Any CPU
		{DFC2C727-8C19-4BB0-9787-0C712F7F4E54}.Release|Any CPU.ActiveCfg = Release|Any CPU
		{DFC2C727-8C19-4BB0-9787-0C712F7F4E54}.Release|Any CPU.Build.0 = Release|Any CPU
		{7892E5A9-FCCF-44C1-A6F2-227ACA56A638}.Debug|Any CPU.ActiveCfg = Debug|Any CPU
		{7892E5A9-FCCF-44C1-A6F2-227ACA56A638}.Debug|Any CPU.Build.0 = Debug|Any CPU
		{7892E5A9-FCCF-44C1-A6F2-227ACA56A638}.Release|Any CPU.ActiveCfg = Release|Any CPU
		{7892E5A9-FCCF-44C1-A6F2-227ACA56A638}.Release|Any CPU.Build.0 = Release|Any CPU
		{7714EACB-4C80-4C1A-AD59-2B18E748925F}.Debug|Any CPU.ActiveCfg = Debug|Any CPU
		{7714EACB-4C80-4C1A-AD59-2B18E748925F}.Debug|Any CPU.Build.0 = Debug|Any CPU
		{7714EACB-4C80-4C1A-AD59-2B18E748925F}.Release|Any CPU.ActiveCfg = Release|Any CPU
		{7714EACB-4C80-4C1A-AD59-2B18E748925F}.Release|Any CPU.Build.0 = Release|Any CPU
		{C0D5B313-6F23-4AD2-AEE5-A2B62BEE7D14}.Debug|Any CPU.ActiveCfg = Debug|Any CPU
		{C0D5B313-6F23-4AD2-AEE5-A2B62BEE7D14}.Debug|Any CPU.Build.0 = Debug|Any CPU
		{C0D5B313-6F23-4AD2-AEE5-A2B62BEE7D14}.Release|Any CPU.ActiveCfg = Release|Any CPU
		{C0D5B313-6F23-4AD2-AEE5-A2B62BEE7D14}.Release|Any CPU.Build.0 = Release|Any CPU
		{3CDC435E-C8B5-42CB-BBDA-33771D0A5E34}.Debug|Any CPU.ActiveCfg = Debug|Any CPU
		{3CDC435E-C8B5-42CB-BBDA-33771D0A5E34}.Debug|Any CPU.Build.0 = Debug|Any CPU
		{3CDC435E-C8B5-42CB-BBDA-33771D0A5E34}.Release|Any CPU.ActiveCfg = Release|Any CPU
		{3CDC435E-C8B5-42CB-BBDA-33771D0A5E34}.Release|Any CPU.Build.0 = Release|Any CPU
		{966BFE7B-D357-458D-B905-0431F415F0CD}.Debug|Any CPU.ActiveCfg = Debug|Any CPU
		{966BFE7B-D357-458D-B905-0431F415F0CD}.Debug|Any CPU.Build.0 = Debug|Any CPU
		{966BFE7B-D357-458D-B905-0431F415F0CD}.Release|Any CPU.ActiveCfg = Release|Any CPU
		{966BFE7B-D357-458D-B905-0431F415F0CD}.Release|Any CPU.Build.0 = Release|Any CPU
		{B5A23503-7834-4699-920D-4015A3EA31B0}.Debug|Any CPU.ActiveCfg = Debug|Any CPU
		{B5A23503-7834-4699-920D-4015A3EA31B0}.Debug|Any CPU.Build.0 = Debug|Any CPU
		{B5A23503-7834-4699-920D-4015A3EA31B0}.Release|Any CPU.ActiveCfg = Release|Any CPU
		{B5A23503-7834-4699-920D-4015A3EA31B0}.Release|Any CPU.Build.0 = Release|Any CPU
		{604705F0-8413-42AB-84C1-9C5B094A25E4}.Debug|Any CPU.ActiveCfg = Debug|Any CPU
		{604705F0-8413-42AB-84C1-9C5B094A25E4}.Debug|Any CPU.Build.0 = Debug|Any CPU
		{604705F0-8413-42AB-84C1-9C5B094A25E4}.Release|Any CPU.ActiveCfg = Release|Any CPU
		{604705F0-8413-42AB-84C1-9C5B094A25E4}.Release|Any CPU.Build.0 = Release|Any CPU
		{FCF8E9BD-6896-4653-91E9-8EFF88D6A593}.Debug|Any CPU.ActiveCfg = Debug|Any CPU
		{FCF8E9BD-6896-4653-91E9-8EFF88D6A593}.Debug|Any CPU.Build.0 = Debug|Any CPU
		{FCF8E9BD-6896-4653-91E9-8EFF88D6A593}.Release|Any CPU.ActiveCfg = Release|Any CPU
		{FCF8E9BD-6896-4653-91E9-8EFF88D6A593}.Release|Any CPU.Build.0 = Release|Any CPU
		{58533559-4672-4EA4-A5DB-2D6E60E992B3}.Debug|Any CPU.ActiveCfg = Debug|Any CPU
		{58533559-4672-4EA4-A5DB-2D6E60E992B3}.Debug|Any CPU.Build.0 = Debug|Any CPU
		{58533559-4672-4EA4-A5DB-2D6E60E992B3}.Release|Any CPU.ActiveCfg = Release|Any CPU
		{58533559-4672-4EA4-A5DB-2D6E60E992B3}.Release|Any CPU.Build.0 = Release|Any CPU
		{6180BD9F-1A2F-401E-A678-1B7317236DDF}.Debug|Any CPU.ActiveCfg = Debug|Any CPU
		{6180BD9F-1A2F-401E-A678-1B7317236DDF}.Debug|Any CPU.Build.0 = Debug|Any CPU
		{6180BD9F-1A2F-401E-A678-1B7317236DDF}.Release|Any CPU.ActiveCfg = Release|Any CPU
		{6180BD9F-1A2F-401E-A678-1B7317236DDF}.Release|Any CPU.Build.0 = Release|Any CPU
		{81FF6822-93CD-4DE9-A774-79F94366FE7C}.Debug|Any CPU.ActiveCfg = Debug|Any CPU
		{81FF6822-93CD-4DE9-A774-79F94366FE7C}.Debug|Any CPU.Build.0 = Debug|Any CPU
		{81FF6822-93CD-4DE9-A774-79F94366FE7C}.Release|Any CPU.ActiveCfg = Release|Any CPU
		{81FF6822-93CD-4DE9-A774-79F94366FE7C}.Release|Any CPU.Build.0 = Release|Any CPU
		{67946EDF-3F0E-4DA7-AE39-79A5243B9902}.Debug|Any CPU.ActiveCfg = Debug|Any CPU
		{67946EDF-3F0E-4DA7-AE39-79A5243B9902}.Debug|Any CPU.Build.0 = Debug|Any CPU
		{67946EDF-3F0E-4DA7-AE39-79A5243B9902}.Release|Any CPU.ActiveCfg = Release|Any CPU
		{67946EDF-3F0E-4DA7-AE39-79A5243B9902}.Release|Any CPU.Build.0 = Release|Any CPU
		{4D6B3A8F-47FE-4EA0-B371-2BB5FC032C33}.Debug|Any CPU.ActiveCfg = Debug|Any CPU
		{4D6B3A8F-47FE-4EA0-B371-2BB5FC032C33}.Debug|Any CPU.Build.0 = Debug|Any CPU
		{4D6B3A8F-47FE-4EA0-B371-2BB5FC032C33}.Release|Any CPU.ActiveCfg = Release|Any CPU
		{4D6B3A8F-47FE-4EA0-B371-2BB5FC032C33}.Release|Any CPU.Build.0 = Release|Any CPU
		{E1076997-2D10-4C05-90A8-2397C62AC458}.Debug|Any CPU.ActiveCfg = Debug|Any CPU
		{E1076997-2D10-4C05-90A8-2397C62AC458}.Debug|Any CPU.Build.0 = Debug|Any CPU
		{E1076997-2D10-4C05-90A8-2397C62AC458}.Release|Any CPU.ActiveCfg = Release|Any CPU
		{E1076997-2D10-4C05-90A8-2397C62AC458}.Release|Any CPU.Build.0 = Release|Any CPU
	EndGlobalSection
	GlobalSection(SolutionProperties) = preSolution
		HideSolutionNode = FALSE
	EndGlobalSection
	GlobalSection(NestedProjects) = preSolution
		{B3D19288-FB93-466A-A2C9-CFEC1870766F} = {DB489B7F-ADDB-4235-90DB-C093C7D8198C}
		{3E038C77-5634-4A97-A448-56D5D71EF09D} = {4E48B3C2-2DE3-4E2B-B293-42634DD1B894}
		{50CC7FC2-E909-4F89-BE50-4A605C49C728} = {4E48B3C2-2DE3-4E2B-B293-42634DD1B894}
		{C0F476DB-A40C-470E-9F4E-A2AF5503FAFB} = {4E48B3C2-2DE3-4E2B-B293-42634DD1B894}
		{5F0EAE56-BB67-4D3A-89E1-C8A486324989} = {DB489B7F-ADDB-4235-90DB-C093C7D8198C}
		{B7B0DD50-1AFB-43FB-8024-D9624C0AC3F7} = {43385C5E-8D95-4797-A2AB-0FD1C3115689}
		{D05722B9-1D58-47B2-83A6-ED075E945FDE} = {3E038C77-5634-4A97-A448-56D5D71EF09D}
		{08691D3D-15EC-48FF-AE59-B1774ABCE0A9} = {3E038C77-5634-4A97-A448-56D5D71EF09D}
		{758DC3C4-2D77-4C23-8BAF-E5D593614280} = {C0F476DB-A40C-470E-9F4E-A2AF5503FAFB}
		{DFC2C727-8C19-4BB0-9787-0C712F7F4E54} = {50CC7FC2-E909-4F89-BE50-4A605C49C728}
		{7892E5A9-FCCF-44C1-A6F2-227ACA56A638} = {50CC7FC2-E909-4F89-BE50-4A605C49C728}
		{7714EACB-4C80-4C1A-AD59-2B18E748925F} = {B3D19288-FB93-466A-A2C9-CFEC1870766F}
		{C0D5B313-6F23-4AD2-AEE5-A2B62BEE7D14} = {B3D19288-FB93-466A-A2C9-CFEC1870766F}
		{3CDC435E-C8B5-42CB-BBDA-33771D0A5E34} = {5F0EAE56-BB67-4D3A-89E1-C8A486324989}
		{966BFE7B-D357-458D-B905-0431F415F0CD} = {5F0EAE56-BB67-4D3A-89E1-C8A486324989}
		{8ADC9246-A5ED-45FF-A4B4-B694009D0FE5} = {4E48B3C2-2DE3-4E2B-B293-42634DD1B894}
		{B5A23503-7834-4699-920D-4015A3EA31B0} = {8ADC9246-A5ED-45FF-A4B4-B694009D0FE5}
		{604705F0-8413-42AB-84C1-9C5B094A25E4} = {8ADC9246-A5ED-45FF-A4B4-B694009D0FE5}
		{FCF8E9BD-6896-4653-91E9-8EFF88D6A593} = {5B1FEB78-84F3-461D-88CD-425D2B11CECD}
		{58533559-4672-4EA4-A5DB-2D6E60E992B3} = {5B1FEB78-84F3-461D-88CD-425D2B11CECD}
		{6180BD9F-1A2F-401E-A678-1B7317236DDF} = {5B1FEB78-84F3-461D-88CD-425D2B11CECD}
		{5B1FEB78-84F3-461D-88CD-425D2B11CECD} = {43385C5E-8D95-4797-A2AB-0FD1C3115689}
		{81FF6822-93CD-4DE9-A774-79F94366FE7C} = {43385C5E-8D95-4797-A2AB-0FD1C3115689}
		{67946EDF-3F0E-4DA7-AE39-79A5243B9902} = {43385C5E-8D95-4797-A2AB-0FD1C3115689}
		{4D6B3A8F-47FE-4EA0-B371-2BB5FC032C33} = {5B1FEB78-84F3-461D-88CD-425D2B11CECD}
		{E1076997-2D10-4C05-90A8-2397C62AC458} = {5B1FEB78-84F3-461D-88CD-425D2B11CECD}
	EndGlobalSection
	GlobalSection(ExtensibilityGlobals) = postSolution
		SolutionGuid = {67569D5C-6980-41C5-B1D9-464A5714DF76}
	EndGlobalSection
EndGlobal
